// !$*UTF8*$!
{
	archiveVersion = 1;
	classes = {
	};
	objectVersion = 50;
	objects = {

/* Begin PBXBuildFile section */
		9231D43C2199D11A00186531 /* AppDelegate.swift in Sources */ = {isa = PBXBuildFile; fileRef = 9231D43B2199D11A00186531 /* AppDelegate.swift */; };
		9231D4412199D11A00186531 /* Main.storyboard in Resources */ = {isa = PBXBuildFile; fileRef = 9231D43F2199D11A00186531 /* Main.storyboard */; };
		9231D4432199D11D00186531 /* Assets.xcassets in Resources */ = {isa = PBXBuildFile; fileRef = 9231D4422199D11D00186531 /* Assets.xcassets */; };
		9231D4462199D11D00186531 /* LaunchScreen.storyboard in Resources */ = {isa = PBXBuildFile; fileRef = 9231D4442199D11D00186531 /* LaunchScreen.storyboard */; };
		9231D44F2199D38500186531 /* MapViewController.swift in Sources */ = {isa = PBXBuildFile; fileRef = 9231D44E2199D38500186531 /* MapViewController.swift */; };
		9231D4512199D3C600186531 /* EnseignesListViewController.swift in Sources */ = {isa = PBXBuildFile; fileRef = 9231D4502199D3C600186531 /* EnseignesListViewController.swift */; };
		9231D4542199D45B00186531 /* Salle.swift in Sources */ = {isa = PBXBuildFile; fileRef = 9231D4532199D45B00186531 /* Salle.swift */; };
		9231D4562199D53600186531 /* Enseigne.swift in Sources */ = {isa = PBXBuildFile; fileRef = 9231D4552199D53600186531 /* Enseigne.swift */; };
		9231D45B2199D69600186531 /* EnseigneRepository.swift in Sources */ = {isa = PBXBuildFile; fileRef = 9231D45A2199D69600186531 /* EnseigneRepository.swift */; };
		9231D45F2199E4CD00186531 /* EnseigneDetailsViewController.swift in Sources */ = {isa = PBXBuildFile; fileRef = 9231D45E2199E4CD00186531 /* EnseigneDetailsViewController.swift */; };
		92E6E5D521B02464003E6B52 /* Coordinates.swift in Sources */ = {isa = PBXBuildFile; fileRef = 92E6E5D421B02464003E6B52 /* Coordinates.swift */; };
		B2A7A90F957B748EFD61A273 /* SalleViewController.swift in Sources */ = {isa = PBXBuildFile; fileRef = B2A7A631B393171308A73A47 /* SalleViewController.swift */; };
		B2A7AB5879B517F5EE5694B4 /* EnseigneAnnotation.swift in Sources */ = {isa = PBXBuildFile; fileRef = B2A7A03A242C2B4C0B7A208F /* EnseigneAnnotation.swift */; };
/* End PBXBuildFile section */

/* Begin PBXFileReference section */
		9231D4382199D11A00186531 /* tp_escape_game.app */ = {isa = PBXFileReference; explicitFileType = wrapper.application; includeInIndex = 0; path = tp_escape_game.app; sourceTree = BUILT_PRODUCTS_DIR; };
		9231D43B2199D11A00186531 /* AppDelegate.swift */ = {isa = PBXFileReference; lastKnownFileType = sourcecode.swift; path = AppDelegate.swift; sourceTree = "<group>"; };
		9231D4402199D11A00186531 /* Base */ = {isa = PBXFileReference; lastKnownFileType = file.storyboard; name = Base; path = Base.lproj/Main.storyboard; sourceTree = "<group>"; };
		9231D4422199D11D00186531 /* Assets.xcassets */ = {isa = PBXFileReference; lastKnownFileType = folder.assetcatalog; path = Assets.xcassets; sourceTree = "<group>"; };
		9231D4452199D11D00186531 /* Base */ = {isa = PBXFileReference; lastKnownFileType = file.storyboard; name = Base; path = Base.lproj/LaunchScreen.storyboard; sourceTree = "<group>"; };
		9231D4472199D11D00186531 /* Info.plist */ = {isa = PBXFileReference; lastKnownFileType = text.plist.xml; path = Info.plist; sourceTree = "<group>"; };
		9231D44E2199D38500186531 /* MapViewController.swift */ = {isa = PBXFileReference; lastKnownFileType = sourcecode.swift; path = MapViewController.swift; sourceTree = "<group>"; };
		9231D4502199D3C600186531 /* EnseignesListViewController.swift */ = {isa = PBXFileReference; lastKnownFileType = sourcecode.swift; path = EnseignesListViewController.swift; sourceTree = "<group>"; };
		9231D4532199D45B00186531 /* Salle.swift */ = {isa = PBXFileReference; lastKnownFileType = sourcecode.swift; path = Salle.swift; sourceTree = "<group>"; };
		9231D4552199D53600186531 /* Enseigne.swift */ = {isa = PBXFileReference; lastKnownFileType = sourcecode.swift; path = Enseigne.swift; sourceTree = "<group>"; };
		9231D45A2199D69600186531 /* EnseigneRepository.swift */ = {isa = PBXFileReference; lastKnownFileType = sourcecode.swift; path = EnseigneRepository.swift; sourceTree = "<group>"; };
		9231D45E2199E4CD00186531 /* EnseigneDetailsViewController.swift */ = {isa = PBXFileReference; lastKnownFileType = sourcecode.swift; path = EnseigneDetailsViewController.swift; sourceTree = "<group>"; };
		92E6E5D421B02464003E6B52 /* Coordinates.swift */ = {isa = PBXFileReference; lastKnownFileType = sourcecode.swift; path = Coordinates.swift; sourceTree = "<group>"; };
		B2A7A03A242C2B4C0B7A208F /* EnseigneAnnotation.swift */ = {isa = PBXFileReference; fileEncoding = 4; lastKnownFileType = sourcecode.swift; path = EnseigneAnnotation.swift; sourceTree = "<group>"; };
		B2A7A631B393171308A73A47 /* SalleViewController.swift */ = {isa = PBXFileReference; fileEncoding = 4; lastKnownFileType = sourcecode.swift; path = SalleViewController.swift; sourceTree = "<group>"; };
/* End PBXFileReference section */

/* Begin PBXFrameworksBuildPhase section */
		9231D4352199D11A00186531 /* Frameworks */ = {
			isa = PBXFrameworksBuildPhase;
			buildActionMask = 2147483647;
			files = (
			);
			runOnlyForDeploymentPostprocessing = 0;
		};
/* End PBXFrameworksBuildPhase section */

/* Begin PBXGroup section */
		9231D42F2199D11A00186531 = {
			isa = PBXGroup;
			children = (
				9231D43A2199D11A00186531 /* tp_escape_game */,
				9231D4392199D11A00186531 /* Products */,
			);
			sourceTree = "<group>";
		};
		9231D4392199D11A00186531 /* Products */ = {
			isa = PBXGroup;
			children = (
				9231D4382199D11A00186531 /* tp_escape_game.app */,
			);
			name = Products;
			sourceTree = "<group>";
		};
		9231D43A2199D11A00186531 /* tp_escape_game */ = {
			isa = PBXGroup;
			children = (
				9231D4592199D68100186531 /* repositories */,
				9231D4522199D3EF00186531 /* models */,
				9231D44D2199D36200186531 /* viewControllers */,
				9231D43B2199D11A00186531 /* AppDelegate.swift */,
				9231D43F2199D11A00186531 /* Main.storyboard */,
				9231D4422199D11D00186531 /* Assets.xcassets */,
				9231D4442199D11D00186531 /* LaunchScreen.storyboard */,
				9231D4472199D11D00186531 /* Info.plist */,
			);
			path = tp_escape_game;
			sourceTree = "<group>";
		};
		9231D44D2199D36200186531 /* viewControllers */ = {
			isa = PBXGroup;
			children = (
				9231D45D2199DA9000186531 /* map */,
				9231D45C2199DA7E00186531 /* enseignes */,
				B2A7AFE6C9EB065F028AA12E /* salles */,
			);
			path = viewControllers;
			sourceTree = "<group>";
		};
		9231D4522199D3EF00186531 /* models */ = {
			isa = PBXGroup;
			children = (
				9231D4532199D45B00186531 /* Salle.swift */,
				9231D4552199D53600186531 /* Enseigne.swift */,
				B2A7A03A242C2B4C0B7A208F /* EnseigneAnnotation.swift */,
				92E6E5D421B02464003E6B52 /* Coordinates.swift */,
			);
			path = models;
			sourceTree = "<group>";
		};
		9231D4592199D68100186531 /* repositories */ = {
			isa = PBXGroup;
			children = (
				9231D45A2199D69600186531 /* EnseigneRepository.swift */,
			);
			path = repositories;
			sourceTree = "<group>";
		};
		9231D45C2199DA7E00186531 /* enseignes */ = {
			isa = PBXGroup;
			children = (
				9231D4502199D3C600186531 /* EnseignesListViewController.swift */,
				9231D45E2199E4CD00186531 /* EnseigneDetailsViewController.swift */,
			);
			path = enseignes;
			sourceTree = "<group>";
		};
		9231D45D2199DA9000186531 /* map */ = {
			isa = PBXGroup;
			children = (
				9231D44E2199D38500186531 /* MapViewController.swift */,
			);
			path = map;
			sourceTree = "<group>";
		};
		B2A7AFE6C9EB065F028AA12E /* salles */ = {
			isa = PBXGroup;
			children = (
				B2A7A631B393171308A73A47 /* SalleViewController.swift */,
			);
			path = salles;
			sourceTree = "<group>";
		};
/* End PBXGroup section */

/* Begin PBXNativeTarget section */
		9231D4372199D11A00186531 /* tp_escape_game */ = {
			isa = PBXNativeTarget;
			buildConfigurationList = 9231D44A2199D11D00186531 /* Build configuration list for PBXNativeTarget "tp_escape_game" */;
			buildPhases = (
				9231D4342199D11A00186531 /* Sources */,
				9231D4352199D11A00186531 /* Frameworks */,
				9231D4362199D11A00186531 /* Resources */,
			);
			buildRules = (
			);
			dependencies = (
			);
			name = tp_escape_game;
			productName = tp_escape_game;
			productReference = 9231D4382199D11A00186531 /* tp_escape_game.app */;
			productType = "com.apple.product-type.application";
		};
/* End PBXNativeTarget section */

/* Begin PBXProject section */
		9231D4302199D11A00186531 /* Project object */ = {
			isa = PBXProject;
			attributes = {
				LastSwiftUpdateCheck = 0940;
				LastUpgradeCheck = 0940;
				ORGANIZATIONNAME = "Mathieu Mandret";
				TargetAttributes = {
					9231D4372199D11A00186531 = {
						CreatedOnToolsVersion = 9.4.1;
					};
				};
			};
			buildConfigurationList = 9231D4332199D11A00186531 /* Build configuration list for PBXProject "tp_escape_game" */;
			compatibilityVersion = "Xcode 9.3";
			developmentRegion = en;
			hasScannedForEncodings = 0;
			knownRegions = (
				en,
				Base,
			);
			mainGroup = 9231D42F2199D11A00186531;
			productRefGroup = 9231D4392199D11A00186531 /* Products */;
			projectDirPath = "";
			projectRoot = "";
			targets = (
				9231D4372199D11A00186531 /* tp_escape_game */,
			);
		};
/* End PBXProject section */

/* Begin PBXResourcesBuildPhase section */
		9231D4362199D11A00186531 /* Resources */ = {
			isa = PBXResourcesBuildPhase;
			buildActionMask = 2147483647;
			files = (
				9231D4462199D11D00186531 /* LaunchScreen.storyboard in Resources */,
				9231D4432199D11D00186531 /* Assets.xcassets in Resources */,
				9231D4412199D11A00186531 /* Main.storyboard in Resources */,
			);
			runOnlyForDeploymentPostprocessing = 0;
		};
/* End PBXResourcesBuildPhase section */

/* Begin PBXSourcesBuildPhase section */
		9231D4342199D11A00186531 /* Sources */ = {
			isa = PBXSourcesBuildPhase;
			buildActionMask = 2147483647;
			files = (
				9231D4512199D3C600186531 /* EnseignesListViewController.swift in Sources */,
				9231D45B2199D69600186531 /* EnseigneRepository.swift in Sources */,
				9231D43C2199D11A00186531 /* AppDelegate.swift in Sources */,
				9231D44F2199D38500186531 /* MapViewController.swift in Sources */,
				9231D4562199D53600186531 /* Enseigne.swift in Sources */,
				9231D45F2199E4CD00186531 /* EnseigneDetailsViewController.swift in Sources */,
				9231D4542199D45B00186531 /* Salle.swift in Sources */,
				B2A7A90F957B748EFD61A273 /* SalleViewController.swift in Sources */,
				B2A7AB5879B517F5EE5694B4 /* EnseigneAnnotation.swift in Sources */,
				92E6E5D521B02464003E6B52 /* Coordinates.swift in Sources */,
			);
			runOnlyForDeploymentPostprocessing = 0;
		};
/* End PBXSourcesBuildPhase section */

/* Begin PBXVariantGroup section */
		9231D43F2199D11A00186531 /* Main.storyboard */ = {
			isa = PBXVariantGroup;
			children = (
				9231D4402199D11A00186531 /* Base */,
			);
			name = Main.storyboard;
			sourceTree = "<group>";
		};
		9231D4442199D11D00186531 /* LaunchScreen.storyboard */ = {
			isa = PBXVariantGroup;
			children = (
				9231D4452199D11D00186531 /* Base */,
			);
			name = LaunchScreen.storyboard;
			sourceTree = "<group>";
		};
/* End PBXVariantGroup section */

/* Begin XCBuildConfiguration section */
		9231D4482199D11D00186531 /* Debug */ = {
			isa = XCBuildConfiguration;
			buildSettings = {
				ALWAYS_SEARCH_USER_PATHS = NO;
				CLANG_ANALYZER_NONNULL = YES;
				CLANG_ANALYZER_NUMBER_OBJECT_CONVERSION = YES_AGGRESSIVE;
				CLANG_CXX_LANGUAGE_STANDARD = "gnu++14";
				CLANG_CXX_LIBRARY = "libc++";
				CLANG_ENABLE_MODULES = YES;
				CLANG_ENABLE_OBJC_ARC = YES;
				CLANG_ENABLE_OBJC_WEAK = YES;
				CLANG_WARN_BLOCK_CAPTURE_AUTORELEASING = YES;
				CLANG_WARN_BOOL_CONVERSION = YES;
				CLANG_WARN_COMMA = YES;
				CLANG_WARN_CONSTANT_CONVERSION = YES;
				CLANG_WARN_DEPRECATED_OBJC_IMPLEMENTATIONS = YES;
				CLANG_WARN_DIRECT_OBJC_ISA_USAGE = YES_ERROR;
				CLANG_WARN_DOCUMENTATION_COMMENTS = YES;
				CLANG_WARN_EMPTY_BODY = YES;
				CLANG_WARN_ENUM_CONVERSION = YES;
				CLANG_WARN_INFINITE_RECURSION = YES;
				CLANG_WARN_INT_CONVERSION = YES;
				CLANG_WARN_NON_LITERAL_NULL_CONVERSION = YES;
				CLANG_WARN_OBJC_IMPLICIT_RETAIN_SELF = YES;
				CLANG_WARN_OBJC_LITERAL_CONVERSION = YES;
				CLANG_WARN_OBJC_ROOT_CLASS = YES_ERROR;
				CLANG_WARN_RANGE_LOOP_ANALYSIS = YES;
				CLANG_WARN_STRICT_PROTOTYPES = YES;
				CLANG_WARN_SUSPICIOUS_MOVE = YES;
				CLANG_WARN_UNGUARDED_AVAILABILITY = YES_AGGRESSIVE;
				CLANG_WARN_UNREACHABLE_CODE = YES;
				CLANG_WARN__DUPLICATE_METHOD_MATCH = YES;
				CODE_SIGN_IDENTITY = "iPhone Developer";
				COPY_PHASE_STRIP = NO;
				DEBUG_INFORMATION_FORMAT = dwarf;
				ENABLE_STRICT_OBJC_MSGSEND = YES;
				ENABLE_TESTABILITY = YES;
				GCC_C_LANGUAGE_STANDARD = gnu11;
				GCC_DYNAMIC_NO_PIC = NO;
				GCC_NO_COMMON_BLOCKS = YES;
				GCC_OPTIMIZATION_LEVEL = 0;
				GCC_PREPROCESSOR_DEFINITIONS = (
					"DEBUG=1",
					"$(inherited)",
				);
				GCC_WARN_64_TO_32_BIT_CONVERSION = YES;
				GCC_WARN_ABOUT_RETURN_TYPE = YES_ERROR;
				GCC_WARN_UNDECLARED_SELECTOR = YES;
				GCC_WARN_UNINITIALIZED_AUTOS = YES_AGGRESSIVE;
				GCC_WARN_UNUSED_FUNCTION = YES;
				GCC_WARN_UNUSED_VARIABLE = YES;
				IPHONEOS_DEPLOYMENT_TARGET = 11.4;
				MTL_ENABLE_DEBUG_INFO = YES;
				ONLY_ACTIVE_ARCH = YES;
				SDKROOT = iphoneos;
				SWIFT_ACTIVE_COMPILATION_CONDITIONS = DEBUG;
				SWIFT_OPTIMIZATION_LEVEL = "-Onone";
			};
			name = Debug;
		};
		9231D4492199D11D00186531 /* Release */ = {
			isa = XCBuildConfiguration;
			buildSettings = {
				ALWAYS_SEARCH_USER_PATHS = NO;
				CLANG_ANALYZER_NONNULL = YES;
				CLANG_ANALYZER_NUMBER_OBJECT_CONVERSION = YES_AGGRESSIVE;
				CLANG_CXX_LANGUAGE_STANDARD = "gnu++14";
				CLANG_CXX_LIBRARY = "libc++";
				CLANG_ENABLE_MODULES = YES;
				CLANG_ENABLE_OBJC_ARC = YES;
				CLANG_ENABLE_OBJC_WEAK = YES;
				CLANG_WARN_BLOCK_CAPTURE_AUTORELEASING = YES;
				CLANG_WARN_BOOL_CONVERSION = YES;
				CLANG_WARN_COMMA = YES;
				CLANG_WARN_CONSTANT_CONVERSION = YES;
				CLANG_WARN_DEPRECATED_OBJC_IMPLEMENTATIONS = YES;
				CLANG_WARN_DIRECT_OBJC_ISA_USAGE = YES_ERROR;
				CLANG_WARN_DOCUMENTATION_COMMENTS = YES;
				CLANG_WARN_EMPTY_BODY = YES;
				CLANG_WARN_ENUM_CONVERSION = YES;
				CLANG_WARN_INFINITE_RECURSION = YES;
				CLANG_WARN_INT_CONVERSION = YES;
				CLANG_WARN_NON_LITERAL_NULL_CONVERSION = YES;
				CLANG_WARN_OBJC_IMPLICIT_RETAIN_SELF = YES;
				CLANG_WARN_OBJC_LITERAL_CONVERSION = YES;
				CLANG_WARN_OBJC_ROOT_CLASS = YES_ERROR;
				CLANG_WARN_RANGE_LOOP_ANALYSIS = YES;
				CLANG_WARN_STRICT_PROTOTYPES = YES;
				CLANG_WARN_SUSPICIOUS_MOVE = YES;
				CLANG_WARN_UNGUARDED_AVAILABILITY = YES_AGGRESSIVE;
				CLANG_WARN_UNREACHABLE_CODE = YES;
				CLANG_WARN__DUPLICATE_METHOD_MATCH = YES;
				CODE_SIGN_IDENTITY = "iPhone Developer";
				COPY_PHASE_STRIP = NO;
				DEBUG_INFORMATION_FORMAT = "dwarf-with-dsym";
				ENABLE_NS_ASSERTIONS = NO;
				ENABLE_STRICT_OBJC_MSGSEND = YES;
				GCC_C_LANGUAGE_STANDARD = gnu11;
				GCC_NO_COMMON_BLOCKS = YES;
				GCC_WARN_64_TO_32_BIT_CONVERSION = YES;
				GCC_WARN_ABOUT_RETURN_TYPE = YES_ERROR;
				GCC_WARN_UNDECLARED_SELECTOR = YES;
				GCC_WARN_UNINITIALIZED_AUTOS = YES_AGGRESSIVE;
				GCC_WARN_UNUSED_FUNCTION = YES;
				GCC_WARN_UNUSED_VARIABLE = YES;
				IPHONEOS_DEPLOYMENT_TARGET = 11.4;
				MTL_ENABLE_DEBUG_INFO = NO;
				SDKROOT = iphoneos;
				SWIFT_COMPILATION_MODE = wholemodule;
				SWIFT_OPTIMIZATION_LEVEL = "-O";
				VALIDATE_PRODUCT = YES;
			};
			name = Release;
		};
		9231D44B2199D11D00186531 /* Debug */ = {
			isa = XCBuildConfiguration;
			buildSettings = {
				ASSETCATALOG_COMPILER_APPICON_NAME = AppIcon;
				CODE_SIGN_STYLE = Automatic;
				INFOPLIST_FILE = tp_escape_game/Info.plist;
				LD_RUNPATH_SEARCH_PATHS = (
					"$(inherited)",
					"@executable_path/Frameworks",
				);
				PRODUCT_BUNDLE_IDENTIFIER = "dream.tp-escape-game";
				PRODUCT_NAME = "$(TARGET_NAME)";
				SWIFT_VERSION = 4.0;
				TARGETED_DEVICE_FAMILY = "1,2";
			};
			name = Debug;
		};
		9231D44C2199D11D00186531 /* Release */ = {
			isa = XCBuildConfiguration;
			buildSettings = {
				ASSETCATALOG_COMPILER_APPICON_NAME = AppIcon;
				CODE_SIGN_STYLE = Automatic;
				INFOPLIST_FILE = tp_escape_game/Info.plist;
				LD_RUNPATH_SEARCH_PATHS = (
					"$(inherited)",
					"@executable_path/Frameworks",
				);
				PRODUCT_BUNDLE_IDENTIFIER = "dream.tp-escape-game";
				PRODUCT_NAME = "$(TARGET_NAME)";
				SWIFT_VERSION = 4.0;
				TARGETED_DEVICE_FAMILY = "1,2";
			};
			name = Release;
		};
/* End XCBuildConfiguration section */

/* Begin XCConfigurationList section */
		9231D4332199D11A00186531 /* Build configuration list for PBXProject "tp_escape_game" */ = {
			isa = XCConfigurationList;
			buildConfigurations = (
				9231D4482199D11D00186531 /* Debug */,
				9231D4492199D11D00186531 /* Release */,
			);
			defaultConfigurationIsVisible = 0;
			defaultConfigurationName = Release;
		};
		9231D44A2199D11D00186531 /* Build configuration list for PBXNativeTarget "tp_escape_game" */ = {
			isa = XCConfigurationList;
			buildConfigurations = (
				9231D44B2199D11D00186531 /* Debug */,
				9231D44C2199D11D00186531 /* Release */,
			);
			defaultConfigurationIsVisible = 0;
			defaultConfigurationName = Release;
		};
/* End XCConfigurationList section */
	};
	rootObject = 9231D4302199D11A00186531 /* Project object */;
}
